github.com/EMZemskova/server_go/greetings v0.0.0-20241021165013-39dc4366131e h1:FPOnhLGO3X78Oef37DdHpk/6GCmSFyWAdE/ZGfNZR/Q=
github.com/EMZemskova/server_go/greetings v0.0.0-20241021165013-39dc4366131e/go.mod h1:BXEDvrCn0lvlokMQ9EM/uIIQvfRAhfWQa8MvYTXMCz8=
github.com/EMZemskova/server_go/greetings v0.0.0-20241021174004-f63bf635d9ec h1:LBVKrHCfW1JWzuRDxARcvMP5E8FNn+tYDF7dFRZ2IvY=
github.com/EMZemskova/server_go/greetings v0.0.0-20241021174004-f63bf635d9ec/go.mod h1:BXEDvrCn0lvlokMQ9EM/uIIQvfRAhfWQa8MvYTXMCz8=
